<?xml version="1.0" encoding="utf-8"?>
<Project ToolsVersion="4.0" xmlns="http://schemas.microsoft.com/developer/msbuild/2003">
  <ItemGroup>
    <ClCompile Include="Absolutes.cpp" />
    <ClCompile Include="CaesarCipher.cpp" />
    <ClCompile Include="Cards.cpp" />
    <ClCompile Include="Collatz.cpp" />
    <ClCompile Include="FailRate.cpp" />
    <ClCompile Include="FoodFight.cpp" />
    <ClCompile Include="FruitSeller.cpp" />
    <ClCompile Include="GaneralCola.cpp" />
    <ClCompile Include="HallOfFame1.cpp" />
    <ClCompile Include="Hamburger.cpp" />
    <ClCompile Include="HandPhone.cpp" />
    <ClCompile Include="HarshadNumber.cpp" />
    <ClCompile Include="InsufficientMoney.cpp" />
    <ClCompile Include="JadenCase.cpp" />
    <ClCompile Include="KeyBoard.cpp" />
    <ClCompile Include="Knight.cpp" />
    <ClCompile Include="MinRect.cpp" />
    <ClCompile Include="Mumble(2).cpp" />
    <ClCompile Include="NameYearning.cpp" />
    <ClCompile Include="NumberWord.cpp" />
    <ClCompile Include="parentheses.cpp" />
    <ClCompile Include="Park.cpp" />
    <ClCompile Include="Ponkemon.cpp" />
    <ClCompile Include="PresentationOfNumber.cpp" />
    <ClCompile Include="primes.cpp" />
    <ClCompile Include="ProgrammersStudy.cpp" />
    <ClCompile Include="remain1.cpp" />
    <ClCompile Include="SameNumber.cpp" />
    <ClCompile Include="SecretMap.cpp" />
    <ClCompile Include="SplitString.cpp" />
    <ClCompile Include="StringSort.cpp" />
    <ClCompile Include="SubString.cpp" />
    <ClCompile Include="TestTest.cpp" />
    <ClCompile Include="ThreeMusketeers.cpp" />
    <ClCompile Include="Uniform.cpp" />
    <ClCompile Include="y2016.cpp" />
    <ClCompile Include="WestKim.cpp" />
    <ClCompile Include="CloseChar.cpp" />
    <ClCompile Include="lotto645.cpp" />
    <ClCompile Include="MinMaxNumber.cpp" />
    <ClCompile Include="DollCrane.cpp" />
    <ClCompile Include="BinConvert.cpp" />
    <ClCompile Include="Budget.cpp" />
    <ClCompile Include="TwoPick.cpp" />
    <ClCompile Include="StrangeChar.cpp" />
    <ClCompile Include="Paint.cpp" />
    <ClCompile Include="DivAddtion.cpp" />
    <ClCompile Include="BiggerNum.cpp" />
    <ClCompile Include="RelayWordcpp.cpp" />
    <ClCompile Include="MakeMin.cpp" />
  </ItemGroup>
</Project>